
Microsoft Visual Studio Solution File, Format Version 12.00
# Visual Studio Version 17
VisualStudioVersion = 17.1.32228.430
MinimumVisualStudioVersion = 10.0.40219.1
Project("{FAE04EC0-301F-11D3-BF4B-00C04F79EFBC}") = "PYP_NortWind_Console", "PYP_NortWind_Console\PYP_NortWind_Console.csproj", "{7A2F6228-FA19-4768-A667-B811767A4CB9}"
EndProject
Global
	GlobalSection(SolutionConfigurationPlatforms) = preSolution
		Debug|Any CPU = Debug|Any CPU
		Release|Any CPU = Release|Any CPU
	EndGlobalSection
	GlobalSection(ProjectConfigurationPlatforms) = postSolution
		{7A2F6228-FA19-4768-A667-B811767A4CB9}.Debug|Any CPU.ActiveCfg = Debug|Any CPU
		{7A2F6228-FA19-4768-A667-B811767A4CB9}.Debug|Any CPU.Build.0 = Debug|Any CPU
		{7A2F6228-FA19-4768-A667-B811767A4CB9}.Release|Any CPU.ActiveCfg = Release|Any CPU
		{7A2F6228-FA19-4768-A667-B811767A4CB9}.Release|Any CPU.Build.0 = Release|Any CPU
	EndGlobalSection
	GlobalSection(SolutionProperties) = preSolution
		HideSolutionNode = FALSE
	EndGlobalSection
	GlobalSection(ExtensibilityGlobals) = postSolution
		SolutionGuid = {DD7522E8-52AB-4ECC-B6F5-6552F1D74EFD}
	EndGlobalSection
EndGlobal
